// !$*UTF8*$!
{
	archiveVersion = 1;
	classes = {
	};
	objectVersion = 46;
	objects = {

/* Begin PBXBuildFile section */
		30D33DFB1BCCBD4F002C54F2 /* AppDelegate.swift in Sources */ = {isa = PBXBuildFile; fileRef = 30D33DFA1BCCBD4F002C54F2 /* AppDelegate.swift */; };
		30D33DFD1BCCBD4F002C54F2 /* ViewController.swift in Sources */ = {isa = PBXBuildFile; fileRef = 30D33DFC1BCCBD4F002C54F2 /* ViewController.swift */; };
		30D33E001BCCBD4F002C54F2 /* Main.storyboard in Resources */ = {isa = PBXBuildFile; fileRef = 30D33DFE1BCCBD4F002C54F2 /* Main.storyboard */; };
		30D33E021BCCBD4F002C54F2 /* Assets.xcassets in Resources */ = {isa = PBXBuildFile; fileRef = 30D33E011BCCBD4F002C54F2 /* Assets.xcassets */; };
		30D33E051BCCBD4F002C54F2 /* LaunchScreen.storyboard in Resources */ = {isa = PBXBuildFile; fileRef = 30D33E031BCCBD4F002C54F2 /* LaunchScreen.storyboard */; };
/* End PBXBuildFile section */

/* Begin PBXFileReference section */
		30D33DF71BCCBD4F002C54F2 /* to-do-list.app */ = {isa = PBXFileReference; explicitFileType = wrapper.application; includeInIndex = 0; path = "to-do-list.app"; sourceTree = BUILT_PRODUCTS_DIR; };
		30D33DFA1BCCBD4F002C54F2 /* AppDelegate.swift */ = {isa = PBXFileReference; lastKnownFileType = sourcecode.swift; path = AppDelegate.swift; sourceTree = "<group>"; };
		30D33DFC1BCCBD4F002C54F2 /* ViewController.swift */ = {isa = PBXFileReference; lastKnownFileType = sourcecode.swift; path = ViewController.swift; sourceTree = "<group>"; };
		30D33DFF1BCCBD4F002C54F2 /* Base */ = {isa = PBXFileReference; lastKnownFileType = file.storyboard; name = Base; path = Base.lproj/Main.storyboard; sourceTree = "<group>"; };
		30D33E011BCCBD4F002C54F2 /* Assets.xcassets */ = {isa = PBXFileReference; lastKnownFileType = folder.assetcatalog; path = Assets.xcassets; sourceTree = "<group>"; };
		30D33E041BCCBD4F002C54F2 /* Base */ = {isa = PBXFileReference; lastKnownFileType = file.storyboard; name = Base; path = Base.lproj/LaunchScreen.storyboard; sourceTree = "<group>"; };
		30D33E061BCCBD4F002C54F2 /* Info.plist */ = {isa = PBXFileReference; lastKnownFileType = text.plist.xml; path = Info.plist; sourceTree = "<group>"; };
/* End PBXFileReference section */

/* Begin PBXFrameworksBuildPhase section */
		30D33DF41BCCBD4F002C54F2 /* Frameworks */ = {
			isa = PBXFrameworksBuildPhase;
			buildActionMask = 2147483647;
			files = (
			);
			runOnlyForDeploymentPostprocessing = 0;
		};
/* End PBXFrameworksBuildPhase section */

/* Begin PBXGroup section */
		30D33DEE1BCCBD4F002C54F2 = {
			isa = PBXGroup;
			children = (
				30D33DF91BCCBD4F002C54F2 /* to-do-list */,
				30D33DF81BCCBD4F002C54F2 /* Products */,
			);
			sourceTree = "<group>";
		};
		30D33DF81BCCBD4F002C54F2 /* Products */ = {
			isa = PBXGroup;
			children = (
				30D33DF71BCCBD4F002C54F2 /* to-do-list.app */,
			);
			name = Products;
			sourceTree = "<group>";
		};
		30D33DF91BCCBD4F002C54F2 /* to-do-list */ = {
			isa = PBXGroup;
			children = (
				30D33DFA1BCCBD4F002C54F2 /* AppDelegate.swift */,
				30D33DFC1BCCBD4F002C54F2 /* ViewController.swift */,
				30D33DFE1BCCBD4F002C54F2 /* Main.storyboard */,
				30D33E011BCCBD4F002C54F2 /* Assets.xcassets */,
				30D33E031BCCBD4F002C54F2 /* LaunchScreen.storyboard */,
				30D33E061BCCBD4F002C54F2 /* Info.plist */,
			);
			path = "to-do-list";
			sourceTree = "<group>";
		};
/* End PBXGroup section */

/* Begin PBXNativeTarget section */
		30D33DF61BCCBD4F002C54F2 /* to-do-list */ = {
			isa = PBXNativeTarget;
			buildConfigurationList = 30D33E091BCCBD4F002C54F2 /* Build configuration list for PBXNativeTarget "to-do-list" */;
			buildPhases = (
				30D33DF31BCCBD4F002C54F2 /* Sources */,
				30D33DF41BCCBD4F002C54F2 /* Frameworks */,
				30D33DF51BCCBD4F002C54F2 /* Resources */,
			);
			buildRules = (
			);
			dependencies = (
			);
			name = "to-do-list";
			productName = "to-do-list";
			productReference = 30D33DF71BCCBD4F002C54F2 /* to-do-list.app */;
			productType = "com.apple.product-type.application";
		};
/* End PBXNativeTarget section */

/* Begin PBXProject section */
		30D33DEF1BCCBD4F002C54F2 /* Project object */ = {
			isa = PBXProject;
			attributes = {
				LastUpgradeCheck = 0700;
				ORGANIZATIONNAME = "iOS Decal";
				TargetAttributes = {
					30D33DF61BCCBD4F002C54F2 = {
						CreatedOnToolsVersion = 7.0;
						DevelopmentTeam = R6NAK5LC2F;
					};
				};
			};
			buildConfigurationList = 30D33DF21BCCBD4F002C54F2 /* Build configuration list for PBXProject "to-do-list" */;
			compatibilityVersion = "Xcode 3.2";
			developmentRegion = English;
			hasScannedForEncodings = 0;
			knownRegions = (
				en,
				Base,
			);
			mainGroup = 30D33DEE1BCCBD4F002C54F2;
			productRefGroup = 30D33DF81BCCBD4F002C54F2 /* Products */;
			projectDirPath = "";
			projectRoot = "";
			targets = (
				30D33DF61BCCBD4F002C54F2 /* to-do-list */,
			);
		};
/* End PBXProject section */

/* Begin PBXResourcesBuildPhase section */
		30D33DF51BCCBD4F002C54F2 /* Resources */ = {
			isa = PBXResourcesBuildPhase;
			buildActionMask = 2147483647;
			files = (
				30D33E051BCCBD4F002C54F2 /* LaunchScreen.storyboard in Resources */,
				30D33E021BCCBD4F002C54F2 /* Assets.xcassets in Resources */,
				30D33E001BCCBD4F002C54F2 /* Main.storyboard in Resources */,
			);
			runOnlyForDeploymentPostprocessing = 0;
		};
/* End PBXResourcesBuildPhase section */

/* Begin PBXSourcesBuildPhase section */
		30D33DF31BCCBD4F002C54F2 /* Sources */ = {
			isa = PBXSourcesBuildPhase;
			buildActionMask = 2147483647;
			files = (
				30D33DFD1BCCBD4F002C54F2 /* ViewController.swift in Sources */,
				30D33DFB1BCCBD4F002C54F2 /* AppDelegate.swift in Sources */,
			);
			runOnlyForDeploymentPostprocessing = 0;
		};
/* End PBXSourcesBuildPhase section */

/* Begin PBXVariantGroup section */
		30D33DFE1BCCBD4F002C54F2 /* Main.storyboard */ = {
			isa = PBXVariantGroup;
			children = (
				30D33DFF1BCCBD4F002C54F2 /* Base */,
			);
			name = Main.storyboard;
			sourceTree = "<group>";
		};
		30D33E031BCCBD4F002C54F2 /* LaunchScreen.storyboard */ = {
			isa = PBXVariantGroup;
			children = (
				30D33E041BCCBD4F002C54F2 /* Base */,
			);
			name = LaunchScreen.storyboard;
			sourceTree = "<group>";
		};
/* End PBXVariantGroup section */

/* Begin XCBuildConfiguration section */
		30D33E071BCCBD4F002C54F2 /* Debug */ = {
			isa = XCBuildConfiguration;
			buildSettings = {
				ALWAYS_SEARCH_USER_PATHS = NO;
				CLANG_CXX_LANGUAGE_STANDARD = "gnu++0x";
				CLANG_CXX_LIBRARY = "libc++";
				CLANG_ENABLE_MODULES = YES;
				CLANG_ENABLE_OBJC_ARC = YES;
				CLANG_WARN_BOOL_CONVERSION = YES;
				CLANG_WARN_CONSTANT_CONVERSION = YES;
				CLANG_WARN_DIRECT_OBJC_ISA_USAGE = YES_ERROR;
				CLANG_WARN_EMPTY_BODY = YES;
				CLANG_WARN_ENUM_CONVERSION = YES;
				CLANG_WARN_INT_CONVERSION = YES;
				CLANG_WARN_OBJC_ROOT_CLASS = YES_ERROR;
				CLANG_WARN_UNREACHABLE_CODE = YES;
				CLANG_WARN__DUPLICATE_METHOD_MATCH = YES;
				"CODE_SIGN_IDENTITY[sdk=iphoneos*]" = "iPhone Developer";
				COPY_PHASE_STRIP = NO;
				DEBUG_INFORMATION_FORMAT = dwarf;
				ENABLE_STRICT_OBJC_MSGSEND = YES;
				ENABLE_TESTABILITY = YES;
				GCC_C_LANGUAGE_STANDARD = gnu99;
				GCC_DYNAMIC_NO_PIC = NO;
				GCC_NO_COMMON_BLOCKS = YES;
				GCC_OPTIMIZATION_LEVEL = 0;
				GCC_PREPROCESSOR_DEFINITIONS = (
					"DEBUG=1",
					"$(inherited)",
				);
				GCC_WARN_64_TO_32_BIT_CONVERSION = YES;
				GCC_WARN_ABOUT_RETURN_TYPE = YES_ERROR;
				GCC_WARN_UNDECLARED_SELECTOR = YES;
				GCC_WARN_UNINITIALIZED_AUTOS = YES_AGGRESSIVE;
				GCC_WARN_UNUSED_FUNCTION = YES;
				GCC_WARN_UNUSED_VARIABLE = YES;
				IPHONEOS_DEPLOYMENT_TARGET = 9.0;
				MTL_ENABLE_DEBUG_INFO = YES;
				ONLY_ACTIVE_ARCH = YES;
				SDKROOT = iphoneos;
				SWIFT_OPTIMIZATION_LEVEL = "-Onone";
			};
			name = Debug;
		};
		30D33E081BCCBD4F002C54F2 /* Release */ = {
			isa = XCBuildConfiguration;
			buildSettings = {
				ALWAYS_SEARCH_USER_PATHS = NO;
				CLANG_CXX_LANGUAGE_STANDARD = "gnu++0x";
				CLANG_CXX_LIBRARY = "libc++";
				CLANG_ENABLE_MODULES = YES;
				CLANG_ENABLE_OBJC_ARC = YES;
				CLANG_WARN_BOOL_CONVERSION = YES;
				CLANG_WARN_CONSTANT_CONVERSION = YES;
				CLANG_WARN_DIRECT_OBJC_ISA_USAGE = YES_ERROR;
				CLANG_WARN_EMPTY_BODY = YES;
				CLANG_WARN_ENUM_CONVERSION = YES;
				CLANG_WARN_INT_CONVERSION = YES;
				CLANG_WARN_OBJC_ROOT_CLASS = YES_ERROR;
				CLANG_WARN_UNREACHABLE_CODE = YES;
				CLANG_WARN__DUPLICATE_METHOD_MATCH = YES;
				"CODE_SIGN_IDENTITY[sdk=iphoneos*]" = "iPhone Developer";
				COPY_PHASE_STRIP = NO;
				DEBUG_INFORMATION_FORMAT = "dwarf-with-dsym";
				ENABLE_NS_ASSERTIONS = NO;
				ENABLE_STRICT_OBJC_MSGSEND = YES;
				GCC_C_LANGUAGE_STANDARD = gnu99;
				GCC_NO_COMMON_BLOCKS = YES;
				GCC_WARN_64_TO_32_BIT_CONVERSION = YES;
				GCC_WARN_ABOUT_RETURN_TYPE = YES_ERROR;
				GCC_WARN_UNDECLARED_SELECTOR = YES;
				GCC_WARN_UNINITIALIZED_AUTOS = YES_AGGRESSIVE;
				GCC_WARN_UNUSED_FUNCTION = YES;
				GCC_WARN_UNUSED_VARIABLE = YES;
				IPHONEOS_DEPLOYMENT_TARGET = 9.0;
				MTL_ENABLE_DEBUG_INFO = NO;
				SDKROOT = iphoneos;
				VALIDATE_PRODUCT = YES;
			};
			name = Release;
		};
		30D33E0A1BCCBD4F002C54F2 /* Debug */ = {
			isa = XCBuildConfiguration;
			buildSettings = {
				ASSETCATALOG_COMPILER_APPICON_NAME = AppIcon;
				INFOPLIST_FILE = "to-do-list/Info.plist";
				LD_RUNPATH_SEARCH_PATHS = "$(inherited) @executable_path/Frameworks";
				PRODUCT_BUNDLE_IDENTIFIER = "cs198-1.to-do-list";
				PRODUCT_NAME = "$(TARGET_NAME)";
			};
			name = Debug;
		};
		30D33E0B1BCCBD4F002C54F2 /* Release */ = {
			isa = XCBuildConfiguration;
			buildSettings = {
				ASSETCATALOG_COMPILER_APPICON_NAME = AppIcon;
				INFOPLIST_FILE = "to-do-list/Info.plist";
				LD_RUNPATH_SEARCH_PATHS = "$(inherited) @executable_path/Frameworks";
				PRODUCT_BUNDLE_IDENTIFIER = "cs198-1.to-do-list";
				PRODUCT_NAME = "$(TARGET_NAME)";
			};
			name = Release;
		};
/* End XCBuildConfiguration section */

/* Begin XCConfigurationList section */
		30D33DF21BCCBD4F002C54F2 /* Build configuration list for PBXProject "to-do-list" */ = {
			isa = XCConfigurationList;
			buildConfigurations = (
				30D33E071BCCBD4F002C54F2 /* Debug */,
				30D33E081BCCBD4F002C54F2 /* Release */,
			);
			defaultConfigurationIsVisible = 0;
			defaultConfigurationName = Release;
		};
		30D33E091BCCBD4F002C54F2 /* Build configuration list for PBXNativeTarget "to-do-list" */ = {
			isa = XCConfigurationList;
			buildConfigurations = (
				30D33E0A1BCCBD4F002C54F2 /* Debug */,
				30D33E0B1BCCBD4F002C54F2 /* Release */,
			);
			defaultConfigurationIsVisible = 0;
		};
/* End XCConfigurationList section */
	};
	rootObject = 30D33DEF1BCCBD4F002C54F2 /* Project object */;
}
